Microsoft Visual Studio Solution File, Format Version 12.00
# Visual Studio 15
VisualStudioVersion = 15.0.27130.2026
MinimumVisualStudioVersion = 10.0.40219.1
Project("{9A19103F-16F7-4668-BE54-9A1E7A4F7556}") = "StudioServicesWeb", "StudioServicesWeb\StudioServicesWeb.csproj", "{29E12B5E-030F-41FF-BA9A-F1708D92A96D}"
EndProject
Project("{FAE04EC0-301F-11D3-BF4B-00C04F79EFBC}") = "StudioServicesApp.Android", "StudioServicesApp\StudioServicesApp.Android\StudioServicesApp.Android.csproj", "{E1572348-8944-4169-BB83-173C5B4416BE}"
EndProject
Project("{FAE04EC0-301F-11D3-BF4B-00C04F79EFBC}") = "StudioServicesApp.iOS", "StudioServicesApp\StudioServicesApp.iOS\StudioServicesApp.iOS.csproj", "{EDFA10F6-C431-4B89-A6C2-9BA66353CBFA}"
EndProject
Project("{FAE04EC0-301F-11D3-BF4B-00C04F79EFBC}") = "StudioServicesApp.UWP", "StudioServicesApp\StudioServicesApp.UWP\StudioServicesApp.UWP.csproj", "{9564782C-CBFD-4A89-BDB2-C66BF68190D3}"
EndProject
Project("{9A19103F-16F7-4668-BE54-9A1E7A4F7556}") = "StudioServicesApp", "StudioServicesApp\StudioServicesApp\StudioServicesApp.csproj", "{7AD6A478-53E5-4348-B39F-36E2CC1E4C37}"
EndProject
Project("{9A19103F-16F7-4668-BE54-9A1E7A4F7556}") = "StudioServices.Models", "StudioServices.Models\StudioServices.Models.csproj", "{6483B5FD-F74E-4304-A920-DA018AE56220}"
EndProject
Project("{FAE04EC0-301F-11D3-BF4B-00C04F79EFBC}") = "StudioServicesApp.WPF", "StudioServicesApp\StudioServicesApp.WPF\StudioServicesApp.WPF.csproj", "{4CC76CA7-D986-4628-AEF7-2DAEA8D6F902}"
EndProject
Project("{2150E333-8FDC-42A3-9474-1A3956D46DE8}") = "Others", "Others", "{F832208A-0CB3-4C19-801A-F5D69DE2A7B4}"
	ProjectSection(SolutionItems) = preProject
		RedisInstallation.txt = RedisInstallation.txt
		..\..\..\Desktop\nuget_repository\Rg.Plugins.Popup\1.1.4.158-pino\rg.plugins.popup.1.1.4.158-pino.nupkg = ..\..\..\Desktop\nuget_repository\Rg.Plugins.Popup\1.1.4.158-pino\rg.plugins.popup.1.1.4.158-pino.nupkg
	EndProjectSection
EndProject
Project("{FAE04EC0-301F-11D3-BF4B-00C04F79EFBC}") = "SQLiteTest", "SQLiteTest\SQLiteTest.csproj", "{E6C2F393-3D6F-4B5D-8E80-68333D552D71}"
EndProject
Global
	GlobalSection(SolutionConfigurationPlatforms) = preSolution
		Ad-Hoc|Any CPU = Ad-Hoc|Any CPU
		Ad-Hoc|ARM = Ad-Hoc|ARM
		Ad-Hoc|iPhone = Ad-Hoc|iPhone
		Ad-Hoc|iPhoneSimulator = Ad-Hoc|iPhoneSimulator
		Ad-Hoc|x64 = Ad-Hoc|x64
		Ad-Hoc|x86 = Ad-Hoc|x86
		AppStore|Any CPU = AppStore|Any CPU
		AppStore|ARM = AppStore|ARM
		AppStore|iPhone = AppStore|iPhone
		AppStore|iPhoneSimulator = AppStore|iPhoneSimulator
		AppStore|x64 = AppStore|x64
		AppStore|x86 = AppStore|x86
		Debug|Any CPU = Debug|Any CPU
		Debug|ARM = Debug|ARM
		Debug|iPhone = Debug|iPhone
		Debug|iPhoneSimulator = Debug|iPhoneSimulator
		Debug|x64 = Debug|x64
		Debug|x86 = Debug|x86
		Release|Any CPU = Release|Any CPU
		Release|ARM = Release|ARM
		Release|iPhone = Release|iPhone
		Release|iPhoneSimulator = Release|iPhoneSimulator
		Release|x64 = Release|x64
		Release|x86 = Release|x86
	EndGlobalSection
	GlobalSection(ProjectConfigurationPlatforms) = postSolution
		{29E12B5E-030F-41FF-BA9A-F1708D92A96D}.Ad-Hoc|Any CPU.ActiveCfg = Release|Any CPU
		{29E12B5E-030F-41FF-BA9A-F1708D92A96D}.Ad-Hoc|Any CPU.Build.0 = Release|Any CPU
		{29E12B5E-030F-41FF-BA9A-F1708D92A96D}.Ad-Hoc|ARM.ActiveCfg = Release|Any CPU
		{29E12B5E-030F-41FF-BA9A-F1708D92A96D}.Ad-Hoc|ARM.Build.0 = Release|Any CPU
		{29E12B5E-030F-41FF-BA9A-F1708D92A96D}.Ad-Hoc|iPhone.ActiveCfg = Release|Any CPU
		{29E12B5E-030F-41FF-BA9A-F1708D92A96D}.Ad-Hoc|iPhone.Build.0 = Release|Any CPU
		{29E12B5E-030F-41FF-BA9A-F1708D92A96D}.Ad-Hoc|iPhoneSimulator.ActiveCfg = Release|Any CPU
		{29E12B5E-030F-41FF-BA9A-F1708D92A96D}.Ad-Hoc|iPhoneSimulator.Build.0 = Release|Any CPU
		{29E12B5E-030F-41FF-BA9A-F1708D92A96D}.Ad-Hoc|x64.ActiveCfg = Release|Any CPU
		{29E12B5E-030F-41FF-BA9A-F1708D92A96D}.Ad-Hoc|x64.Build.0 = Release|Any CPU
		{29E12B5E-030F-41FF-BA9A-F1708D92A96D}.Ad-Hoc|x86.ActiveCfg = Release|Any CPU
		{29E12B5E-030F-41FF-BA9A-F1708D92A96D}.Ad-Hoc|x86.Build.0 = Release|Any CPU
		{29E12B5E-030F-41FF-BA9A-F1708D92A96D}.AppStore|Any CPU.ActiveCfg = Release|Any CPU
		{29E12B5E-030F-41FF-BA9A-F1708D92A96D}.AppStore|Any CPU.Build.0 = Release|Any CPU
		{29E12B5E-030F-41FF-BA9A-F1708D92A96D}.AppStore|ARM.ActiveCfg = Release|Any CPU
		{29E12B5E-030F-41FF-BA9A-F1708D92A96D}.AppStore|ARM.Build.0 = Release|Any CPU
		{29E12B5E-030F-41FF-BA9A-F1708D92A96D}.AppStore|iPhone.ActiveCfg = Release|Any CPU
		{29E12B5E-030F-41FF-BA9A-F1708D92A96D}.AppStore|iPhone.Build.0 = Release|Any CPU
		{29E12B5E-030F-41FF-BA9A-F1708D92A96D}.AppStore|iPhoneSimulator.ActiveCfg = Release|Any CPU
		{29E12B5E-030F-41FF-BA9A-F1708D92A96D}.AppStore|iPhoneSimulator.Build.0 = Release|Any CPU
		{29E12B5E-030F-41FF-BA9A-F1708D92A96D}.AppStore|x64.ActiveCfg = Release|Any CPU
		{29E12B5E-030F-41FF-BA9A-F1708D92A96D}.AppStore|x64.Build.0 = Release|Any CPU
		{29E12B5E-030F-41FF-BA9A-F1708D92A96D}.AppStore|x86.ActiveCfg = Release|Any CPU
		{29E12B5E-030F-41FF-BA9A-F1708D92A96D}.AppStore|x86.Build.0 = Release|Any CPU
		{29E12B5E-030F-41FF-BA9A-F1708D92A96D}.Debug|Any CPU.ActiveCfg = Debug|Any CPU
		{29E12B5E-030F-41FF-BA9A-F1708D92A96D}.Debug|Any CPU.Build.0 = Debug|Any CPU
		{29E12B5E-030F-41FF-BA9A-F1708D92A96D}.Debug|ARM.ActiveCfg = Debug|Any CPU
		{29E12B5E-030F-41FF-BA9A-F1708D92A96D}.Debug|ARM.Build.0 = Debug|Any CPU
		{29E12B5E-030F-41FF-BA9A-F1708D92A96D}.Debug|iPhone.ActiveCfg = Debug|Any CPU
		{29E12B5E-030F-41FF-BA9A-F1708D92A96D}.Debug|iPhone.Build.0 = Debug|Any CPU
		{29E12B5E-030F-41FF-BA9A-F1708D92A96D}.Debug|iPhoneSimulator.ActiveCfg = Debug|Any CPU
		{29E12B5E-030F-41FF-BA9A-F1708D92A96D}.Debug|iPhoneSimulator.Build.0 = Debug|Any CPU
		{29E12B5E-030F-41FF-BA9A-F1708D92A96D}.Debug|x64.ActiveCfg = Debug|Any CPU
		{29E12B5E-030F-41FF-BA9A-F1708D92A96D}.Debug|x64.Build.0 = Debug|Any CPU
		{29E12B5E-030F-41FF-BA9A-F1708D92A96D}.Debug|x86.ActiveCfg = Debug|Any CPU
		{29E12B5E-030F-41FF-BA9A-F1708D92A96D}.Debug|x86.Build.0 = Debug|Any CPU
		{29E12B5E-030F-41FF-BA9A-F1708D92A96D}.Release|Any CPU.ActiveCfg = Release|Any CPU
		{29E12B5E-030F-41FF-BA9A-F1708D92A96D}.Release|Any CPU.Build.0 = Release|Any CPU
		{29E12B5E-030F-41FF-BA9A-F1708D92A96D}.Release|ARM.ActiveCfg = Release|Any CPU
		{29E12B5E-030F-41FF-BA9A-F1708D92A96D}.Release|ARM.Build.0 = Release|Any CPU
		{29E12B5E-030F-41FF-BA9A-F1708D92A96D}.Release|iPhone.ActiveCfg = Release|Any CPU
		{29E12B5E-030F-41FF-BA9A-F1708D92A96D}.Release|iPhone.Build.0 = Release|Any CPU
		{29E12B5E-030F-41FF-BA9A-F1708D92A96D}.Release|iPhoneSimulator.ActiveCfg = Release|Any CPU
		{29E12B5E-030F-41FF-BA9A-F1708D92A96D}.Release|iPhoneSimulator.Build.0 = Release|Any CPU
		{29E12B5E-030F-41FF-BA9A-F1708D92A96D}.Release|x64.ActiveCfg = Release|Any CPU
		{29E12B5E-030F-41FF-BA9A-F1708D92A96D}.Release|x64.Build.0 = Release|Any CPU
		{29E12B5E-030F-41FF-BA9A-F1708D92A96D}.Release|x86.ActiveCfg = Release|Any CPU
		{29E12B5E-030F-41FF-BA9A-F1708D92A96D}.Release|x86.Build.0 = Release|Any CPU
		{E1572348-8944-4169-BB83-173C5B4416BE}.Ad-Hoc|Any CPU.ActiveCfg = Release|Any CPU
		{E1572348-8944-4169-BB83-173C5B4416BE}.Ad-Hoc|Any CPU.Build.0 = Release|Any CPU
		{E1572348-8944-4169-BB83-173C5B4416BE}.Ad-Hoc|Any CPU.Deploy.0 = Release|Any CPU
		{E1572348-8944-4169-BB83-173C5B4416BE}.Ad-Hoc|ARM.ActiveCfg = Release|Any CPU
		{E1572348-8944-4169-BB83-173C5B4416BE}.Ad-Hoc|ARM.Build.0 = Release|Any CPU
		{E1572348-8944-4169-BB83-173C5B4416BE}.Ad-Hoc|ARM.Deploy.0 = Release|Any CPU
		{E1572348-8944-4169-BB83-173C5B4416BE}.Ad-Hoc|iPhone.ActiveCfg = Release|Any CPU
		{E1572348-8944-4169-BB83-173C5B4416BE}.Ad-Hoc|iPhone.Build.0 = Release|Any CPU
		{E1572348-8944-4169-BB83-173C5B4416BE}.Ad-Hoc|iPhone.Deploy.0 = Release|Any CPU
		{E1572348-8944-4169-BB83-173C5B4416BE}.Ad-Hoc|iPhoneSimulator.ActiveCfg = Release|Any CPU
		{E1572348-8944-4169-BB83-173C5B4416BE}.Ad-Hoc|iPhoneSimulator.Build.0 = Release|Any CPU
		{E1572348-8944-4169-BB83-173C5B4416BE}.Ad-Hoc|iPhoneSimulator.Deploy.0 = Release|Any CPU
		{E1572348-8944-4169-BB83-173C5B4416BE}.Ad-Hoc|x64.ActiveCfg = Release|Any CPU
		{E1572348-8944-4169-BB83-173C5B4416BE}.Ad-Hoc|x64.Build.0 = Release|Any CPU
		{E1572348-8944-4169-BB83-173C5B4416BE}.Ad-Hoc|x64.Deploy.0 = Release|Any CPU
		{E1572348-8944-4169-BB83-173C5B4416BE}.Ad-Hoc|x86.ActiveCfg = Release|Any CPU
		{E1572348-8944-4169-BB83-173C5B4416BE}.Ad-Hoc|x86.Build.0 = Release|Any CPU
		{E1572348-8944-4169-BB83-173C5B4416BE}.Ad-Hoc|x86.Deploy.0 = Release|Any CPU
		{E1572348-8944-4169-BB83-173C5B4416BE}.AppStore|Any CPU.ActiveCfg = Release|Any CPU
		{E1572348-8944-4169-BB83-173C5B4416BE}.AppStore|Any CPU.Build.0 = Release|Any CPU
		{E1572348-8944-4169-BB83-173C5B4416BE}.AppStore|Any CPU.Deploy.0 = Release|Any CPU
		{E1572348-8944-4169-BB83-173C5B4416BE}.AppStore|ARM.ActiveCfg = Release|Any CPU
		{E1572348-8944-4169-BB83-173C5B4416BE}.AppStore|ARM.Build.0 = Release|Any CPU
		{E1572348-8944-4169-BB83-173C5B4416BE}.AppStore|ARM.Deploy.0 = Release|Any CPU
		{E1572348-8944-4169-BB83-173C5B4416BE}.AppStore|iPhone.ActiveCfg = Release|Any CPU
		{E1572348-8944-4169-BB83-173C5B4416BE}.AppStore|iPhone.Build.0 = Release|Any CPU
		{E1572348-8944-4169-BB83-173C5B4416BE}.AppStore|iPhone.Deploy.0 = Release|Any CPU
		{E1572348-8944-4169-BB83-173C5B4416BE}.AppStore|iPhoneSimulator.ActiveCfg = Release|Any CPU
		{E1572348-8944-4169-BB83-173C5B4416BE}.AppStore|iPhoneSimulator.Build.0 = Release|Any CPU
		{E1572348-8944-4169-BB83-173C5B4416BE}.AppStore|iPhoneSimulator.Deploy.0 = Release|Any CPU
		{E1572348-8944-4169-BB83-173C5B4416BE}.AppStore|x64.ActiveCfg = Release|Any CPU
		{E1572348-8944-4169-BB83-173C5B4416BE}.AppStore|x64.Build.0 = Release|Any CPU
		{E1572348-8944-4169-BB83-173C5B4416BE}.AppStore|x64.Deploy.0 = Release|Any CPU
		{E1572348-8944-4169-BB83-173C5B4416BE}.AppStore|x86.ActiveCfg = Release|Any CPU
		{E1572348-8944-4169-BB83-173C5B4416BE}.AppStore|x86.Build.0 = Release|Any CPU
		{E1572348-8944-4169-BB83-173C5B4416BE}.AppStore|x86.Deploy.0 = Release|Any CPU
		{E1572348-8944-4169-BB83-173C5B4416BE}.Debug|Any CPU.ActiveCfg = Debug|Any CPU
		{E1572348-8944-4169-BB83-173C5B4416BE}.Debug|Any CPU.Build.0 = Debug|Any CPU
		{E1572348-8944-4169-BB83-173C5B4416BE}.Debug|Any CPU.Deploy.0 = Debug|Any CPU
		{E1572348-8944-4169-BB83-173C5B4416BE}.Debug|ARM.ActiveCfg = Debug|Any CPU
		{E1572348-8944-4169-BB83-173C5B4416BE}.Debug|ARM.Build.0 = Debug|Any CPU
		{E1572348-8944-4169-BB83-173C5B4416BE}.Debug|ARM.Deploy.0 = Debug|Any CPU
		{E1572348-8944-4169-BB83-173C5B4416BE}.Debug|iPhone.ActiveCfg = Debug|Any CPU
		{E1572348-8944-4169-BB83-173C5B4416BE}.Debug|iPhone.Build.0 = Debug|Any CPU
		{E1572348-8944-4169-BB83-173C5B4416BE}.Debug|iPhone.Deploy.0 = Debug|Any CPU
		{E1572348-8944-4169-BB83-173C5B4416BE}.Debug|iPhoneSimulator.ActiveCfg = Debug|Any CPU
		{E1572348-8944-4169-BB83-173C5B4416BE}.Debug|iPhoneSimulator.Build.0 = Debug|Any CPU
		{E1572348-8944-4169-BB83-173C5B4416BE}.Debug|iPhoneSimulator.Deploy.0 = Debug|Any CPU
		{E1572348-8944-4169-BB83-173C5B4416BE}.Debug|x64.ActiveCfg = Debug|Any CPU
		{E1572348-8944-4169-BB83-173C5B4416BE}.Debug|x64.Build.0 = Debug|Any CPU
		{E1572348-8944-4169-BB83-173C5B4416BE}.Debug|x64.Deploy.0 = Debug|Any CPU
		{E1572348-8944-4169-BB83-173C5B4416BE}.Debug|x86.ActiveCfg = Debug|Any CPU
		{E1572348-8944-4169-BB83-173C5B4416BE}.Debug|x86.Build.0 = Debug|Any CPU
		{E1572348-8944-4169-BB83-173C5B4416BE}.Debug|x86.Deploy.0 = Debug|Any CPU
		{E1572348-8944-4169-BB83-173C5B4416BE}.Release|Any CPU.ActiveCfg = Release|Any CPU
		{E1572348-8944-4169-BB83-173C5B4416BE}.Release|Any CPU.Build.0 = Release|Any CPU
		{E1572348-8944-4169-BB83-173C5B4416BE}.Release|Any CPU.Deploy.0 = Release|Any CPU
		{E1572348-8944-4169-BB83-173C5B4416BE}.Release|ARM.ActiveCfg = Release|Any CPU
		{E1572348-8944-4169-BB83-173C5B4416BE}.Release|ARM.Build.0 = Release|Any CPU
		{E1572348-8944-4169-BB83-173C5B4416BE}.Release|ARM.Deploy.0 = Release|Any CPU
		{E1572348-8944-4169-BB83-173C5B4416BE}.Release|iPhone.ActiveCfg = Release|Any CPU
		{E1572348-8944-4169-BB83-173C5B4416BE}.Release|iPhone.Build.0 = Release|Any CPU
		{E1572348-8944-4169-BB83-173C5B4416BE}.Release|iPhone.Deploy.0 = Release|Any CPU
		{E1572348-8944-4169-BB83-173C5B4416BE}.Release|iPhoneSimulator.ActiveCfg = Release|Any CPU
		{E1572348-8944-4169-BB83-173C5B4416BE}.Release|iPhoneSimulator.Build.0 = Release|Any CPU
		{E1572348-8944-4169-BB83-173C5B4416BE}.Release|iPhoneSimulator.Deploy.0 = Release|Any CPU
		{E1572348-8944-4169-BB83-173C5B4416BE}.Release|x64.ActiveCfg = Release|Any CPU
		{E1572348-8944-4169-BB83-173C5B4416BE}.Release|x64.Build.0 = Release|Any CPU
		{E1572348-8944-4169-BB83-173C5B4416BE}.Release|x64.Deploy.0 = Release|Any CPU
		{E1572348-8944-4169-BB83-173C5B4416BE}.Release|x86.ActiveCfg = Release|Any CPU
		{E1572348-8944-4169-BB83-173C5B4416BE}.Release|x86.Build.0 = Release|Any CPU
		{E1572348-8944-4169-BB83-173C5B4416BE}.Release|x86.Deploy.0 = Release|Any CPU
		{EDFA10F6-C431-4B89-A6C2-9BA66353CBFA}.Ad-Hoc|Any CPU.ActiveCfg = Ad-Hoc|iPhone
		{EDFA10F6-C431-4B89-A6C2-9BA66353CBFA}.Ad-Hoc|ARM.ActiveCfg = Ad-Hoc|iPhone
		{EDFA10F6-C431-4B89-A6C2-9BA66353CBFA}.Ad-Hoc|iPhone.ActiveCfg = Ad-Hoc|iPhone
		{EDFA10F6-C431-4B89-A6C2-9BA66353CBFA}.Ad-Hoc|iPhone.Build.0 = Ad-Hoc|iPhone
		{EDFA10F6-C431-4B89-A6C2-9BA66353CBFA}.Ad-Hoc|iPhoneSimulator.ActiveCfg = Ad-Hoc|iPhoneSimulator
		{EDFA10F6-C431-4B89-A6C2-9BA66353CBFA}.Ad-Hoc|iPhoneSimulator.Build.0 = Ad-Hoc|iPhoneSimulator
		{EDFA10F6-C431-4B89-A6C2-9BA66353CBFA}.Ad-Hoc|x64.ActiveCfg = Ad-Hoc|iPhone
		{EDFA10F6-C431-4B89-A6C2-9BA66353CBFA}.Ad-Hoc|x86.ActiveCfg = Ad-Hoc|iPhone
		{EDFA10F6-C431-4B89-A6C2-9BA66353CBFA}.AppStore|Any CPU.ActiveCfg = AppStore|iPhone
		{EDFA10F6-C431-4B89-A6C2-9BA66353CBFA}.AppStore|ARM.ActiveCfg = AppStore|iPhone
		{EDFA10F6-C431-4B89-A6C2-9BA66353CBFA}.AppStore|iPhone.ActiveCfg = AppStore|iPhone
		{EDFA10F6-C431-4B89-A6C2-9BA66353CBFA}.AppStore|iPhone.Build.0 = AppStore|iPhone
		{EDFA10F6-C431-4B89-A6C2-9BA66353CBFA}.AppStore|iPhoneSimulator.ActiveCfg = AppStore|iPhoneSimulator
		{EDFA10F6-C431-4B89-A6C2-9BA66353CBFA}.AppStore|iPhoneSimulator.Build.0 = AppStore|iPhoneSimulator
		{EDFA10F6-C431-4B89-A6C2-9BA66353CBFA}.AppStore|x64.ActiveCfg = AppStore|iPhone
		{EDFA10F6-C431-4B89-A6C2-9BA66353CBFA}.AppStore|x86.ActiveCfg = AppStore|iPhone
		{EDFA10F6-C431-4B89-A6C2-9BA66353CBFA}.Debug|Any CPU.ActiveCfg = Debug|iPhone
		{EDFA10F6-C431-4B89-A6C2-9BA66353CBFA}.Debug|ARM.ActiveCfg = Debug|iPhone
		{EDFA10F6-C431-4B89-A6C2-9BA66353CBFA}.Debug|iPhone.ActiveCfg = Debug|iPhone
		{EDFA10F6-C431-4B89-A6C2-9BA66353CBFA}.Debug|iPhone.Build.0 = Debug|iPhone
		{EDFA10F6-C431-4B89-A6C2-9BA66353CBFA}.Debug|iPhoneSimulator.ActiveCfg = Debug|iPhoneSimulator
		{EDFA10F6-C431-4B89-A6C2-9BA66353CBFA}.Debug|iPhoneSimulator.Build.0 = Debug|iPhoneSimulator
		{EDFA10F6-C431-4B89-A6C2-9BA66353CBFA}.Debug|x64.ActiveCfg = Debug|iPhone
		{EDFA10F6-C431-4B89-A6C2-9BA66353CBFA}.Debug|x86.ActiveCfg = Debug|iPhone
		{EDFA10F6-C431-4B89-A6C2-9BA66353CBFA}.Release|Any CPU.ActiveCfg = Release|iPhone
		{EDFA10F6-C431-4B89-A6C2-9BA66353CBFA}.Release|ARM.ActiveCfg = Release|iPhone
		{EDFA10F6-C431-4B89-A6C2-9BA66353CBFA}.Release|iPhone.ActiveCfg = Release|iPhone
		{EDFA10F6-C431-4B89-A6C2-9BA66353CBFA}.Release|iPhone.Build.0 = Release|iPhone
		{EDFA10F6-C431-4B89-A6C2-9BA66353CBFA}.Release|iPhoneSimulator.ActiveCfg = Release|iPhoneSimulator
		{EDFA10F6-C431-4B89-A6C2-9BA66353CBFA}.Release|iPhoneSimulator.Build.0 = Release|iPhoneSimulator
		{EDFA10F6-C431-4B89-A6C2-9BA66353CBFA}.Release|x64.ActiveCfg = Release|iPhone
		{EDFA10F6-C431-4B89-A6C2-9BA66353CBFA}.Release|x86.ActiveCfg = Release|iPhone
		{9564782C-CBFD-4A89-BDB2-C66BF68190D3}.Ad-Hoc|Any CPU.ActiveCfg = Release|x86
		{9564782C-CBFD-4A89-BDB2-C66BF68190D3}.Ad-Hoc|Any CPU.Build.0 = Release|x86
		{9564782C-CBFD-4A89-BDB2-C66BF68190D3}.Ad-Hoc|Any CPU.Deploy.0 = Release|x86
		{9564782C-CBFD-4A89-BDB2-C66BF68190D3}.Ad-Hoc|ARM.ActiveCfg = Release|ARM
		{9564782C-CBFD-4A89-BDB2-C66BF68190D3}.Ad-Hoc|ARM.Build.0 = Release|ARM
		{9564782C-CBFD-4A89-BDB2-C66BF68190D3}.Ad-Hoc|ARM.Deploy.0 = Release|ARM
		{9564782C-CBFD-4A89-BDB2-C66BF68190D3}.Ad-Hoc|iPhone.ActiveCfg = Release|x86
		{9564782C-CBFD-4A89-BDB2-C66BF68190D3}.Ad-Hoc|iPhone.Build.0 = Release|x86
		{9564782C-CBFD-4A89-BDB2-C66BF68190D3}.Ad-Hoc|iPhone.Deploy.0 = Release|x86
		{9564782C-CBFD-4A89-BDB2-C66BF68190D3}.Ad-Hoc|iPhoneSimulator.ActiveCfg = Release|x86
		{9564782C-CBFD-4A89-BDB2-C66BF68190D3}.Ad-Hoc|iPhoneSimulator.Build.0 = Release|x86
		{9564782C-CBFD-4A89-BDB2-C66BF68190D3}.Ad-Hoc|iPhoneSimulator.Deploy.0 = Release|x86
		{9564782C-CBFD-4A89-BDB2-C66BF68190D3}.Ad-Hoc|x64.ActiveCfg = Release|x64
		{9564782C-CBFD-4A89-BDB2-C66BF68190D3}.Ad-Hoc|x64.Build.0 = Release|x64
		{9564782C-CBFD-4A89-BDB2-C66BF68190D3}.Ad-Hoc|x64.Deploy.0 = Release|x64
		{9564782C-CBFD-4A89-BDB2-C66BF68190D3}.Ad-Hoc|x86.ActiveCfg = Release|x86
		{9564782C-CBFD-4A89-BDB2-C66BF68190D3}.Ad-Hoc|x86.Build.0 = Release|x86
		{9564782C-CBFD-4A89-BDB2-C66BF68190D3}.Ad-Hoc|x86.Deploy.0 = Release|x86
		{9564782C-CBFD-4A89-BDB2-C66BF68190D3}.AppStore|Any CPU.ActiveCfg = Release|x86
		{9564782C-CBFD-4A89-BDB2-C66BF68190D3}.AppStore|Any CPU.Build.0 = Release|x86
		{9564782C-CBFD-4A89-BDB2-C66BF68190D3}.AppStore|Any CPU.Deploy.0 = Release|x86
		{9564782C-CBFD-4A89-BDB2-C66BF68190D3}.AppStore|ARM.ActiveCfg = Release|ARM
		{9564782C-CBFD-4A89-BDB2-C66BF68190D3}.AppStore|ARM.Build.0 = Release|ARM
		{9564782C-CBFD-4A89-BDB2-C66BF68190D3}.AppStore|ARM.Deploy.0 = Release|ARM
		{9564782C-CBFD-4A89-BDB2-C66BF68190D3}.AppStore|iPhone.ActiveCfg = Release|x86
		{9564782C-CBFD-4A89-BDB2-C66BF68190D3}.AppStore|iPhone.Build.0 = Release|x86
		{9564782C-CBFD-4A89-BDB2-C66BF68190D3}.AppStore|iPhone.Deploy.0 = Release|x86
		{9564782C-CBFD-4A89-BDB2-C66BF68190D3}.AppStore|iPhoneSimulator.ActiveCfg = Release|x86
		{9564782C-CBFD-4A89-BDB2-C66BF68190D3}.AppStore|iPhoneSimulator.Build.0 = Release|x86
		{9564782C-CBFD-4A89-BDB2-C66BF68190D3}.AppStore|iPhoneSimulator.Deploy.0 = Release|x86
		{9564782C-CBFD-4A89-BDB2-C66BF68190D3}.AppStore|x64.ActiveCfg = Release|x64
		{9564782C-CBFD-4A89-BDB2-C66BF68190D3}.AppStore|x64.Build.0 = Release|x64
		{9564782C-CBFD-4A89-BDB2-C66BF68190D3}.AppStore|x64.Deploy.0 = Release|x64
		{9564782C-CBFD-4A89-BDB2-C66BF68190D3}.AppStore|x86.ActiveCfg = Release|x86
		{9564782C-CBFD-4A89-BDB2-C66BF68190D3}.AppStore|x86.Build.0 = Release|x86
		{9564782C-CBFD-4A89-BDB2-C66BF68190D3}.AppStore|x86.Deploy.0 = Release|x86
		{9564782C-CBFD-4A89-BDB2-C66BF68190D3}.Debug|Any CPU.ActiveCfg = Debug|x86
		{9564782C-CBFD-4A89-BDB2-C66BF68190D3}.Debug|ARM.ActiveCfg = Debug|ARM
		{9564782C-CBFD-4A89-BDB2-C66BF68190D3}.Debug|ARM.Build.0 = Debug|ARM
		{9564782C-CBFD-4A89-BDB2-C66BF68190D3}.Debug|ARM.Deploy.0 = Debug|ARM
		{9564782C-CBFD-4A89-BDB2-C66BF68190D3}.Debug|iPhone.ActiveCfg = Debug|x86
		{9564782C-CBFD-4A89-BDB2-C66BF68190D3}.Debug|iPhoneSimulator.ActiveCfg = Debug|x86
		{9564782C-CBFD-4A89-BDB2-C66BF68190D3}.Debug|x64.ActiveCfg = Debug|x64
		{9564782C-CBFD-4A89-BDB2-C66BF68190D3}.Debug|x64.Build.0 = Debug|x64
		{9564782C-CBFD-4A89-BDB2-C66BF68190D3}.Debug|x64.Deploy.0 = Debug|x64
		{9564782C-CBFD-4A89-BDB2-C66BF68190D3}.Debug|x86.ActiveCfg = Debug|x86
		{9564782C-CBFD-4A89-BDB2-C66BF68190D3}.Debug|x86.Build.0 = Debug|x86
		{9564782C-CBFD-4A89-BDB2-C66BF68190D3}.Debug|x86.Deploy.0 = Debug|x86
		{9564782C-CBFD-4A89-BDB2-C66BF68190D3}.Release|Any CPU.ActiveCfg = Release|x86
		{9564782C-CBFD-4A89-BDB2-C66BF68190D3}.Release|ARM.ActiveCfg = Release|ARM
		{9564782C-CBFD-4A89-BDB2-C66BF68190D3}.Release|ARM.Build.0 = Release|ARM
		{9564782C-CBFD-4A89-BDB2-C66BF68190D3}.Release|ARM.Deploy.0 = Release|ARM
		{9564782C-CBFD-4A89-BDB2-C66BF68190D3}.Release|iPhone.ActiveCfg = Release|x86
		{9564782C-CBFD-4A89-BDB2-C66BF68190D3}.Release|iPhoneSimulator.ActiveCfg = Release|x86
		{9564782C-CBFD-4A89-BDB2-C66BF68190D3}.Release|x64.ActiveCfg = Release|x64
		{9564782C-CBFD-4A89-BDB2-C66BF68190D3}.Release|x64.Build.0 = Release|x64
		{9564782C-CBFD-4A89-BDB2-C66BF68190D3}.Release|x64.Deploy.0 = Release|x64
		{9564782C-CBFD-4A89-BDB2-C66BF68190D3}.Release|x86.ActiveCfg = Release|x86
		{9564782C-CBFD-4A89-BDB2-C66BF68190D3}.Release|x86.Build.0 = Release|x86
		{9564782C-CBFD-4A89-BDB2-C66BF68190D3}.Release|x86.Deploy.0 = Release|x86
		{7AD6A478-53E5-4348-B39F-36E2CC1E4C37}.Ad-Hoc|Any CPU.ActiveCfg = Debug|Any CPU
		{7AD6A478-53E5-4348-B39F-36E2CC1E4C37}.Ad-Hoc|Any CPU.Build.0 = Debug|Any CPU
		{7AD6A478-53E5-4348-B39F-36E2CC1E4C37}.Ad-Hoc|ARM.ActiveCfg = Debug|Any CPU
		{7AD6A478-53E5-4348-B39F-36E2CC1E4C37}.Ad-Hoc|ARM.Build.0 = Debug|Any CPU
		{7AD6A478-53E5-4348-B39F-36E2CC1E4C37}.Ad-Hoc|iPhone.ActiveCfg = Debug|Any CPU
		{7AD6A478-53E5-4348-B39F-36E2CC1E4C37}.Ad-Hoc|iPhone.Build.0 = Debug|Any CPU
		{7AD6A478-53E5-4348-B39F-36E2CC1E4C37}.Ad-Hoc|iPhoneSimulator.ActiveCfg = Debug|Any CPU
		{7AD6A478-53E5-4348-B39F-36E2CC1E4C37}.Ad-Hoc|iPhoneSimulator.Build.0 = Debug|Any CPU
		{7AD6A478-53E5-4348-B39F-36E2CC1E4C37}.Ad-Hoc|x64.ActiveCfg = Debug|Any CPU
		{7AD6A478-53E5-4348-B39F-36E2CC1E4C37}.Ad-Hoc|x64.Build.0 = Debug|Any CPU
		{7AD6A478-53E5-4348-B39F-36E2CC1E4C37}.Ad-Hoc|x86.ActiveCfg = Debug|Any CPU
		{7AD6A478-53E5-4348-B39F-36E2CC1E4C37}.Ad-Hoc|x86.Build.0 = Debug|Any CPU
		{7AD6A478-53E5-4348-B39F-36E2CC1E4C37}.AppStore|Any CPU.ActiveCfg = Debug|Any CPU
		{7AD6A478-53E5-4348-B39F-36E2CC1E4C37}.AppStore|Any CPU.Build.0 = Debug|Any CPU
		{7AD6A478-53E5-4348-B39F-36E2CC1E4C37}.AppStore|ARM.ActiveCfg = Debug|Any CPU
		{7AD6A478-53E5-4348-B39F-36E2CC1E4C37}.AppStore|ARM.Build.0 = Debug|Any CPU
		{7AD6A478-53E5-4348-B39F-36E2CC1E4C37}.AppStore|iPhone.ActiveCfg = Debug|Any CPU
		{7AD6A478-53E5-4348-B39F-36E2CC1E4C37}.AppStore|iPhone.Build.0 = Debug|Any CPU
		{7AD6A478-53E5-4348-B39F-36E2CC1E4C37}.AppStore|iPhoneSimulator.ActiveCfg = Debug|Any CPU
		{7AD6A478-53E5-4348-B39F-36E2CC1E4C37}.AppStore|iPhoneSimulator.Build.0 = Debug|Any CPU
		{7AD6A478-53E5-4348-B39F-36E2CC1E4C37}.AppStore|x64.ActiveCfg = Debug|Any CPU
		{7AD6A478-53E5-4348-B39F-36E2CC1E4C37}.AppStore|x64.Build.0 = Debug|Any CPU
		{7AD6A478-53E5-4348-B39F-36E2CC1E4C37}.AppStore|x86.ActiveCfg = Debug|Any CPU
		{7AD6A478-53E5-4348-B39F-36E2CC1E4C37}.AppStore|x86.Build.0 = Debug|Any CPU
		{7AD6A478-53E5-4348-B39F-36E2CC1E4C37}.Debug|Any CPU.ActiveCfg = Debug|Any CPU
		{7AD6A478-53E5-4348-B39F-36E2CC1E4C37}.Debug|Any CPU.Build.0 = Debug|Any CPU
		{7AD6A478-53E5-4348-B39F-36E2CC1E4C37}.Debug|ARM.ActiveCfg = Debug|Any CPU
		{7AD6A478-53E5-4348-B39F-36E2CC1E4C37}.Debug|ARM.Build.0 = Debug|Any CPU
		{7AD6A478-53E5-4348-B39F-36E2CC1E4C37}.Debug|iPhone.ActiveCfg = Debug|Any CPU
		{7AD6A478-53E5-4348-B39F-36E2CC1E4C37}.Debug|iPhone.Build.0 = Debug|Any CPU
		{7AD6A478-53E5-4348-B39F-36E2CC1E4C37}.Debug|iPhoneSimulator.ActiveCfg = Debug|Any CPU
		{7AD6A478-53E5-4348-B39F-36E2CC1E4C37}.Debug|iPhoneSimulator.Build.0 = Debug|Any CPU
		{7AD6A478-53E5-4348-B39F-36E2CC1E4C37}.Debug|x64.ActiveCfg = Debug|Any CPU
		{7AD6A478-53E5-4348-B39F-36E2CC1E4C37}.Debug|x64.Build.0 = Debug|Any CPU
		{7AD6A478-53E5-4348-B39F-36E2CC1E4C37}.Debug|x86.ActiveCfg = Debug|Any CPU
		{7AD6A478-53E5-4348-B39F-36E2CC1E4C37}.Debug|x86.Build.0 = Debug|Any CPU
		{7AD6A478-53E5-4348-B39F-36E2CC1E4C37}.Release|Any CPU.ActiveCfg = Release|Any CPU
		{7AD6A478-53E5-4348-B39F-36E2CC1E4C37}.Release|Any CPU.Build.0 = Release|Any CPU
		{7AD6A478-53E5-4348-B39F-36E2CC1E4C37}.Release|ARM.ActiveCfg = Release|Any CPU
		{7AD6A478-53E5-4348-B39F-36E2CC1E4C37}.Release|ARM.Build.0 = Release|Any CPU
		{7AD6A478-53E5-4348-B39F-36E2CC1E4C37}.Release|iPhone.ActiveCfg = Release|Any CPU
		{7AD6A478-53E5-4348-B39F-36E2CC1E4C37}.Release|iPhone.Build.0 = Release|Any CPU
		{7AD6A478-53E5-4348-B39F-36E2CC1E4C37}.Release|iPhoneSimulator.ActiveCfg = Release|Any CPU
		{7AD6A478-53E5-4348-B39F-36E2CC1E4C37}.Release|iPhoneSimulator.Build.0 = Release|Any CPU
		{7AD6A478-53E5-4348-B39F-36E2CC1E4C37}.Release|x64.ActiveCfg = Release|Any CPU
		{7AD6A478-53E5-4348-B39F-36E2CC1E4C37}.Release|x64.Build.0 = Release|Any CPU
		{7AD6A478-53E5-4348-B39F-36E2CC1E4C37}.Release|x86.ActiveCfg = Release|Any CPU
		{7AD6A478-53E5-4348-B39F-36E2CC1E4C37}.Release|x86.Build.0 = Release|Any CPU
		{6483B5FD-F74E-4304-A920-DA018AE56220}.Ad-Hoc|Any CPU.ActiveCfg = Debug|Any CPU
		{6483B5FD-F74E-4304-A920-DA018AE56220}.Ad-Hoc|Any CPU.Build.0 = Debug|Any CPU
		{6483B5FD-F74E-4304-A920-DA018AE56220}.Ad-Hoc|ARM.ActiveCfg = Debug|Any CPU
		{6483B5FD-F74E-4304-A920-DA018AE56220}.Ad-Hoc|ARM.Build.0 = Debug|Any CPU
		{6483B5FD-F74E-4304-A920-DA018AE56220}.Ad-Hoc|iPhone.ActiveCfg = Debug|Any CPU
		{6483B5FD-F74E-4304-A920-DA018AE56220}.Ad-Hoc|iPhone.Build.0 = Debug|Any CPU
		{6483B5FD-F74E-4304-A920-DA018AE56220}.Ad-Hoc|iPhoneSimulator.ActiveCfg = Debug|Any CPU
		{6483B5FD-F74E-4304-A920-DA018AE56220}.Ad-Hoc|iPhoneSimulator.Build.0 = Debug|Any CPU
		{6483B5FD-F74E-4304-A920-DA018AE56220}.Ad-Hoc|x64.ActiveCfg = Debug|Any CPU
		{6483B5FD-F74E-4304-A920-DA018AE56220}.Ad-Hoc|x64.Build.0 = Debug|Any CPU
		{6483B5FD-F74E-4304-A920-DA018AE56220}.Ad-Hoc|x86.ActiveCfg = Debug|Any CPU
		{6483B5FD-F74E-4304-A920-DA018AE56220}.Ad-Hoc|x86.Build.0 = Debug|Any CPU
		{6483B5FD-F74E-4304-A920-DA018AE56220}.AppStore|Any CPU.ActiveCfg = Debug|Any CPU
		{6483B5FD-F74E-4304-A920-DA018AE56220}.AppStore|Any CPU.Build.0 = Debug|Any CPU
		{6483B5FD-F74E-4304-A920-DA018AE56220}.AppStore|ARM.ActiveCfg = Debug|Any CPU
		{6483B5FD-F74E-4304-A920-DA018AE56220}.AppStore|ARM.Build.0 = Debug|Any CPU
		{6483B5FD-F74E-4304-A920-DA018AE56220}.AppStore|iPhone.ActiveCfg = Debug|Any CPU
		{6483B5FD-F74E-4304-A920-DA018AE56220}.AppStore|iPhone.Build.0 = Debug|Any CPU
		{6483B5FD-F74E-4304-A920-DA018AE56220}.AppStore|iPhoneSimulator.ActiveCfg = Debug|Any CPU
		{6483B5FD-F74E-4304-A920-DA018AE56220}.AppStore|iPhoneSimulator.Build.0 = Debug|Any CPU
		{6483B5FD-F74E-4304-A920-DA018AE56220}.AppStore|x64.ActiveCfg = Debug|Any CPU
		{6483B5FD-F74E-4304-A920-DA018AE56220}.AppStore|x64.Build.0 = Debug|Any CPU
		{6483B5FD-F74E-4304-A920-DA018AE56220}.AppStore|x86.ActiveCfg = Debug|Any CPU
		{6483B5FD-F74E-4304-A920-DA018AE56220}.AppStore|x86.Build.0 = Debug|Any CPU
		{6483B5FD-F74E-4304-A920-DA018AE56220}.Debug|Any CPU.ActiveCfg = Debug|Any CPU
		{6483B5FD-F74E-4304-A920-DA018AE56220}.Debug|Any CPU.Build.0 = Debug|Any CPU
		{6483B5FD-F74E-4304-A920-DA018AE56220}.Debug|ARM.ActiveCfg = Debug|Any CPU
		{6483B5FD-F74E-4304-A920-DA018AE56220}.Debug|ARM.Build.0 = Debug|Any CPU
		{6483B5FD-F74E-4304-A920-DA018AE56220}.Debug|iPhone.ActiveCfg = Debug|Any CPU
		{6483B5FD-F74E-4304-A920-DA018AE56220}.Debug|iPhone.Build.0 = Debug|Any CPU
		{6483B5FD-F74E-4304-A920-DA018AE56220}.Debug|iPhoneSimulator.ActiveCfg = Debug|Any CPU
		{6483B5FD-F74E-4304-A920-DA018AE56220}.Debug|iPhoneSimulator.Build.0 = Debug|Any CPU
		{6483B5FD-F74E-4304-A920-DA018AE56220}.Debug|x64.ActiveCfg = Debug|Any CPU
		{6483B5FD-F74E-4304-A920-DA018AE56220}.Debug|x64.Build.0 = Debug|Any CPU
		{6483B5FD-F74E-4304-A920-DA018AE56220}.Debug|x86.ActiveCfg = Debug|Any CPU
		{6483B5FD-F74E-4304-A920-DA018AE56220}.Debug|x86.Build.0 = Debug|Any CPU
		{6483B5FD-F74E-4304-A920-DA018AE56220}.Release|Any CPU.ActiveCfg = Release|Any CPU
		{6483B5FD-F74E-4304-A920-DA018AE56220}.Release|Any CPU.Build.0 = Release|Any CPU
		{6483B5FD-F74E-4304-A920-DA018AE56220}.Release|ARM.ActiveCfg = Release|Any CPU
		{6483B5FD-F74E-4304-A920-DA018AE56220}.Release|ARM.Build.0 = Release|Any CPU
		{6483B5FD-F74E-4304-A920-DA018AE56220}.Release|iPhone.ActiveCfg = Release|Any CPU
		{6483B5FD-F74E-4304-A920-DA018AE56220}.Release|iPhone.Build.0 = Release|Any CPU
		{6483B5FD-F74E-4304-A920-DA018AE56220}.Release|iPhoneSimulator.ActiveCfg = Release|Any CPU
		{6483B5FD-F74E-4304-A920-DA018AE56220}.Release|iPhoneSimulator.Build.0 = Release|Any CPU
		{6483B5FD-F74E-4304-A920-DA018AE56220}.Release|x64.ActiveCfg = Release|Any CPU
		{6483B5FD-F74E-4304-A920-DA018AE56220}.Release|x64.Build.0 = Release|Any CPU
		{6483B5FD-F74E-4304-A920-DA018AE56220}.Release|x86.ActiveCfg = Release|Any CPU
		{6483B5FD-F74E-4304-A920-DA018AE56220}.Release|x86.Build.0 = Release|Any CPU
		{4CC76CA7-D986-4628-AEF7-2DAEA8D6F902}.Ad-Hoc|Any CPU.ActiveCfg = Release|Any CPU
		{4CC76CA7-D986-4628-AEF7-2DAEA8D6F902}.Ad-Hoc|Any CPU.Build.0 = Release|Any CPU
		{4CC76CA7-D986-4628-AEF7-2DAEA8D6F902}.Ad-Hoc|ARM.ActiveCfg = Release|Any CPU
		{4CC76CA7-D986-4628-AEF7-2DAEA8D6F902}.Ad-Hoc|ARM.Build.0 = Release|Any CPU
		{4CC76CA7-D986-4628-AEF7-2DAEA8D6F902}.Ad-Hoc|iPhone.ActiveCfg = Release|Any CPU
		{4CC76CA7-D986-4628-AEF7-2DAEA8D6F902}.Ad-Hoc|iPhone.Build.0 = Release|Any CPU
		{4CC76CA7-D986-4628-AEF7-2DAEA8D6F902}.Ad-Hoc|iPhoneSimulator.ActiveCfg = Release|Any CPU
		{4CC76CA7-D986-4628-AEF7-2DAEA8D6F902}.Ad-Hoc|iPhoneSimulator.Build.0 = Release|Any CPU
		{4CC76CA7-D986-4628-AEF7-2DAEA8D6F902}.Ad-Hoc|x64.ActiveCfg = Release|Any CPU
		{4CC76CA7-D986-4628-AEF7-2DAEA8D6F902}.Ad-Hoc|x64.Build.0 = Release|Any CPU
		{4CC76CA7-D986-4628-AEF7-2DAEA8D6F902}.Ad-Hoc|x86.ActiveCfg = Release|Any CPU
		{4CC76CA7-D986-4628-AEF7-2DAEA8D6F902}.Ad-Hoc|x86.Build.0 = Release|Any CPU
		{4CC76CA7-D986-4628-AEF7-2DAEA8D6F902}.AppStore|Any CPU.ActiveCfg = Release|Any CPU
		{4CC76CA7-D986-4628-AEF7-2DAEA8D6F902}.AppStore|Any CPU.Build.0 = Release|Any CPU
		{4CC76CA7-D986-4628-AEF7-2DAEA8D6F902}.AppStore|ARM.ActiveCfg = Release|Any CPU
		{4CC76CA7-D986-4628-AEF7-2DAEA8D6F902}.AppStore|ARM.Build.0 = Release|Any CPU
		{4CC76CA7-D986-4628-AEF7-2DAEA8D6F902}.AppStore|iPhone.ActiveCfg = Release|Any CPU
		{4CC76CA7-D986-4628-AEF7-2DAEA8D6F902}.AppStore|iPhone.Build.0 = Release|Any CPU
		{4CC76CA7-D986-4628-AEF7-2DAEA8D6F902}.AppStore|iPhoneSimulator.ActiveCfg = Release|Any CPU
		{4CC76CA7-D986-4628-AEF7-2DAEA8D6F902}.AppStore|iPhoneSimulator.Build.0 = Release|Any CPU
		{4CC76CA7-D986-4628-AEF7-2DAEA8D6F902}.AppStore|x64.ActiveCfg = Release|Any CPU
		{4CC76CA7-D986-4628-AEF7-2DAEA8D6F902}.AppStore|x64.Build.0 = Release|Any CPU
		{4CC76CA7-D986-4628-AEF7-2DAEA8D6F902}.AppStore|x86.ActiveCfg = Release|Any CPU
		{4CC76CA7-D986-4628-AEF7-2DAEA8D6F902}.AppStore|x86.Build.0 = Release|Any CPU
		{4CC76CA7-D986-4628-AEF7-2DAEA8D6F902}.Debug|Any CPU.ActiveCfg = Debug|Any CPU
		{4CC76CA7-D986-4628-AEF7-2DAEA8D6F902}.Debug|Any CPU.Build.0 = Debug|Any CPU
		{4CC76CA7-D986-4628-AEF7-2DAEA8D6F902}.Debug|ARM.ActiveCfg = Debug|Any CPU
		{4CC76CA7-D986-4628-AEF7-2DAEA8D6F902}.Debug|ARM.Build.0 = Debug|Any CPU
		{4CC76CA7-D986-4628-AEF7-2DAEA8D6F902}.Debug|iPhone.ActiveCfg = Debug|Any CPU
		{4CC76CA7-D986-4628-AEF7-2DAEA8D6F902}.Debug|iPhone.Build.0 = Debug|Any CPU
		{4CC76CA7-D986-4628-AEF7-2DAEA8D6F902}.Debug|iPhoneSimulator.ActiveCfg = Debug|Any CPU
		{4CC76CA7-D986-4628-AEF7-2DAEA8D6F902}.Debug|iPhoneSimulator.Build.0 = Debug|Any CPU
		{4CC76CA7-D986-4628-AEF7-2DAEA8D6F902}.Debug|x64.ActiveCfg = Debug|Any CPU
		{4CC76CA7-D986-4628-AEF7-2DAEA8D6F902}.Debug|x64.Build.0 = Debug|Any CPU
		{4CC76CA7-D986-4628-AEF7-2DAEA8D6F902}.Debug|x86.ActiveCfg = Debug|Any CPU
		{4CC76CA7-D986-4628-AEF7-2DAEA8D6F902}.Debug|x86.Build.0 = Debug|Any CPU
		{4CC76CA7-D986-4628-AEF7-2DAEA8D6F902}.Release|Any CPU.ActiveCfg = Release|Any CPU
		{4CC76CA7-D986-4628-AEF7-2DAEA8D6F902}.Release|Any CPU.Build.0 = Release|Any CPU
		{4CC76CA7-D986-4628-AEF7-2DAEA8D6F902}.Release|ARM.ActiveCfg = Release|Any CPU
		{4CC76CA7-D986-4628-AEF7-2DAEA8D6F902}.Release|ARM.Build.0 = Release|Any CPU
		{4CC76CA7-D986-4628-AEF7-2DAEA8D6F902}.Release|iPhone.ActiveCfg = Release|Any CPU
		{4CC76CA7-D986-4628-AEF7-2DAEA8D6F902}.Release|iPhone.Build.0 = Release|Any CPU
		{4CC76CA7-D986-4628-AEF7-2DAEA8D6F902}.Release|iPhoneSimulator.ActiveCfg = Release|Any CPU
		{4CC76CA7-D986-4628-AEF7-2DAEA8D6F902}.Release|iPhoneSimulator.Build.0 = Release|Any CPU
		{4CC76CA7-D986-4628-AEF7-2DAEA8D6F902}.Release|x64.ActiveCfg = Release|Any CPU
		{4CC76CA7-D986-4628-AEF7-2DAEA8D6F902}.Release|x64.Build.0 = Release|Any CPU
		{4CC76CA7-D986-4628-AEF7-2DAEA8D6F902}.Release|x86.ActiveCfg = Release|Any CPU
		{4CC76CA7-D986-4628-AEF7-2DAEA8D6F902}.Release|x86.Build.0 = Release|Any CPU
		{E6C2F393-3D6F-4B5D-8E80-68333D552D71}.Ad-Hoc|Any CPU.ActiveCfg = Release|Any CPU
		{E6C2F393-3D6F-4B5D-8E80-68333D552D71}.Ad-Hoc|Any CPU.Build.0 = Release|Any CPU
		{E6C2F393-3D6F-4B5D-8E80-68333D552D71}.Ad-Hoc|ARM.ActiveCfg = Release|Any CPU
		{E6C2F393-3D6F-4B5D-8E80-68333D552D71}.Ad-Hoc|ARM.Build.0 = Release|Any CPU
		{E6C2F393-3D6F-4B5D-8E80-68333D552D71}.Ad-Hoc|iPhone.ActiveCfg = Release|Any CPU
		{E6C2F393-3D6F-4B5D-8E80-68333D552D71}.Ad-Hoc|iPhone.Build.0 = Release|Any CPU
		{E6C2F393-3D6F-4B5D-8E80-68333D552D71}.Ad-Hoc|iPhoneSimulator.ActiveCfg = Release|Any CPU
		{E6C2F393-3D6F-4B5D-8E80-68333D552D71}.Ad-Hoc|iPhoneSimulator.Build.0 = Release|Any CPU
		{E6C2F393-3D6F-4B5D-8E80-68333D552D71}.Ad-Hoc|x64.ActiveCfg = Release|Any CPU
		{E6C2F393-3D6F-4B5D-8E80-68333D552D71}.Ad-Hoc|x64.Build.0 = Release|Any CPU
		{E6C2F393-3D6F-4B5D-8E80-68333D552D71}.Ad-Hoc|x86.ActiveCfg = Release|Any CPU
		{E6C2F393-3D6F-4B5D-8E80-68333D552D71}.Ad-Hoc|x86.Build.0 = Release|Any CPU
		{E6C2F393-3D6F-4B5D-8E80-68333D552D71}.AppStore|Any CPU.ActiveCfg = Release|Any CPU
		{E6C2F393-3D6F-4B5D-8E80-68333D552D71}.AppStore|Any CPU.Build.0 = Release|Any CPU
		{E6C2F393-3D6F-4B5D-8E80-68333D552D71}.AppStore|ARM.ActiveCfg = Release|Any CPU
		{E6C2F393-3D6F-4B5D-8E80-68333D552D71}.AppStore|ARM.Build.0 = Release|Any CPU
		{E6C2F393-3D6F-4B5D-8E80-68333D552D71}.AppStore|iPhone.ActiveCfg = Release|Any CPU
		{E6C2F393-3D6F-4B5D-8E80-68333D552D71}.AppStore|iPhone.Build.0 = Release|Any CPU
		{E6C2F393-3D6F-4B5D-8E80-68333D552D71}.AppStore|iPhoneSimulator.ActiveCfg = Release|Any CPU
		{E6C2F393-3D6F-4B5D-8E80-68333D552D71}.AppStore|iPhoneSimulator.Build.0 = Release|Any CPU
		{E6C2F393-3D6F-4B5D-8E80-68333D552D71}.AppStore|x64.ActiveCfg = Release|Any CPU
		{E6C2F393-3D6F-4B5D-8E80-68333D552D71}.AppStore|x64.Build.0 = Release|Any CPU
		{E6C2F393-3D6F-4B5D-8E80-68333D552D71}.AppStore|x86.ActiveCfg = Release|Any CPU
		{E6C2F393-3D6F-4B5D-8E80-68333D552D71}.AppStore|x86.Build.0 = Release|Any CPU
		{E6C2F393-3D6F-4B5D-8E80-68333D552D71}.Debug|Any CPU.ActiveCfg = Debug|Any CPU
		{E6C2F393-3D6F-4B5D-8E80-68333D552D71}.Debug|Any CPU.Build.0 = Debug|Any CPU
		{E6C2F393-3D6F-4B5D-8E80-68333D552D71}.Debug|ARM.ActiveCfg = Debug|Any CPU
		{E6C2F393-3D6F-4B5D-8E80-68333D552D71}.Debug|ARM.Build.0 = Debug|Any CPU
		{E6C2F393-3D6F-4B5D-8E80-68333D552D71}.Debug|iPhone.ActiveCfg = Debug|Any CPU
		{E6C2F393-3D6F-4B5D-8E80-68333D552D71}.Debug|iPhone.Build.0 = Debug|Any CPU
		{E6C2F393-3D6F-4B5D-8E80-68333D552D71}.Debug|iPhoneSimulator.ActiveCfg = Debug|Any CPU
		{E6C2F393-3D6F-4B5D-8E80-68333D552D71}.Debug|iPhoneSimulator.Build.0 = Debug|Any CPU
		{E6C2F393-3D6F-4B5D-8E80-68333D552D71}.Debug|x64.ActiveCfg = Debug|Any CPU
		{E6C2F393-3D6F-4B5D-8E80-68333D552D71}.Debug|x64.Build.0 = Debug|Any CPU
		{E6C2F393-3D6F-4B5D-8E80-68333D552D71}.Debug|x86.ActiveCfg = Debug|Any CPU
		{E6C2F393-3D6F-4B5D-8E80-68333D552D71}.Debug|x86.Build.0 = Debug|Any CPU
		{E6C2F393-3D6F-4B5D-8E80-68333D552D71}.Release|Any CPU.ActiveCfg = Release|Any CPU
		{E6C2F393-3D6F-4B5D-8E80-68333D552D71}.Release|Any CPU.Build.0 = Release|Any CPU
		{E6C2F393-3D6F-4B5D-8E80-68333D552D71}.Release|ARM.ActiveCfg = Release|Any CPU
		{E6C2F393-3D6F-4B5D-8E80-68333D552D71}.Release|ARM.Build.0 = Release|Any CPU
		{E6C2F393-3D6F-4B5D-8E80-68333D552D71}.Release|iPhone.ActiveCfg = Release|Any CPU
		{E6C2F393-3D6F-4B5D-8E80-68333D552D71}.Release|iPhone.Build.0 = Release|Any CPU
		{E6C2F393-3D6F-4B5D-8E80-68333D552D71}.Release|iPhoneSimulator.ActiveCfg = Release|Any CPU
		{E6C2F393-3D6F-4B5D-8E80-68333D552D71}.Release|iPhoneSimulator.Build.0 = Release|Any CPU
		{E6C2F393-3D6F-4B5D-8E80-68333D552D71}.Release|x64.ActiveCfg = Release|Any CPU
		{E6C2F393-3D6F-4B5D-8E80-68333D552D71}.Release|x64.Build.0 = Release|Any CPU
		{E6C2F393-3D6F-4B5D-8E80-68333D552D71}.Release|x86.ActiveCfg = Release|Any CPU
		{E6C2F393-3D6F-4B5D-8E80-68333D552D71}.Release|x86.Build.0 = Release|Any CPU
	EndGlobalSection
	GlobalSection(SolutionProperties) = preSolution
		HideSolutionNode = FALSE
	EndGlobalSection
	GlobalSection(ExtensibilityGlobals) = postSolution
		SolutionGuid = {85383E41-0D35-4275-AFB9-6BBAD812C993}
	EndGlobalSection
EndGlobal
